
Microsoft Visual Studio Solution File, Format Version 12.00
# Visual Studio 15
VisualStudioVersion = 15.0.28307.421
MinimumVisualStudioVersion = 10.0.40219.1
Project("{FAE04EC0-301F-11D3-BF4B-00C04F79EFBC}") = "Quiz", "Quiz\Quiz.csproj", "{565388F5-B4CE-4F79-9092-7911C4632402}"
EndProject
Global
	GlobalSection(SolutionConfigurationPlatforms) = preSolution
		Debug|Any CPU = Debug|Any CPU
		Release|Any CPU = Release|Any CPU
	EndGlobalSection
	GlobalSection(ProjectConfigurationPlatforms) = postSolution
		{565388F5-B4CE-4F79-9092-7911C4632402}.Debug|Any CPU.ActiveCfg = Debug|Any CPU
		{565388F5-B4CE-4F79-9092-7911C4632402}.Debug|Any CPU.Build.0 = Debug|Any CPU
		{565388F5-B4CE-4F79-9092-7911C4632402}.Release|Any CPU.ActiveCfg = Release|Any CPU
		{565388F5-B4CE-4F79-9092-7911C4632402}.Release|Any CPU.Build.0 = Release|Any CPU
	EndGlobalSection
	GlobalSection(SolutionProperties) = preSolution
		HideSolutionNode = FALSE
	EndGlobalSection
	GlobalSection(ExtensibilityGlobals) = postSolution
		SolutionGuid = {00A32561-576D-4EB5-AE17-0308B810662F}
	EndGlobalSection
EndGlobal
